
Microsoft Visual Studio Solution File, Format Version 12.00
# Visual Studio Version 17
VisualStudioVersion = 17.13.35931.197 d17.13
MinimumVisualStudioVersion = 10.0.40219.1
Project("{888888A0-9F3D-457C-B088-3A5042F75D52}") = "TempConvert", "TempConvert.pyproj", "{93156037-303A-4AD5-9C2C-FF60763BF905}"
EndProject
Global
	GlobalSection(SolutionConfigurationPlatforms) = preSolution
		Debug|Any CPU = Debug|Any CPU
		Release|Any CPU = Release|Any CPU
	EndGlobalSection
	GlobalSection(ProjectConfigurationPlatforms) = postSolution
		{93156037-303A-4AD5-9C2C-FF60763BF905}.Debug|Any CPU.ActiveCfg = Debug|Any CPU
		{93156037-303A-4AD5-9C2C-FF60763BF905}.Release|Any CPU.ActiveCfg = Release|Any CPU
	EndGlobalSection
	GlobalSection(SolutionProperties) = preSolution
		HideSolutionNode = FALSE
	EndGlobalSection
	GlobalSection(ExtensibilityGlobals) = postSolution
		SolutionGuid = {FA6CD388-B65E-4035-98EE-9A09412B9FD1}
	EndGlobalSection
EndGlobal
